
Microsoft Visual Studio Solution File, Format Version 12.00
# Visual Studio Version 17
VisualStudioVersion = 17.0.32112.339
MinimumVisualStudioVersion = 10.0.40219.1
Project("{FAE04EC0-301F-11D3-BF4B-00C04F79EFBC}") = "WinFormsApp157", "WinFormsApp157\WinFormsApp157.csproj", "{61866922-AF2B-4C34-AD66-ED8EA7D708A2}"
EndProject
Global
	GlobalSection(SolutionConfigurationPlatforms) = preSolution
		Debug|Any CPU = Debug|Any CPU
		Release|Any CPU = Release|Any CPU
	EndGlobalSection
	GlobalSection(ProjectConfigurationPlatforms) = postSolution
		{61866922-AF2B-4C34-AD66-ED8EA7D708A2}.Debug|Any CPU.ActiveCfg = Debug|Any CPU
		{61866922-AF2B-4C34-AD66-ED8EA7D708A2}.Debug|Any CPU.Build.0 = Debug|Any CPU
		{61866922-AF2B-4C34-AD66-ED8EA7D708A2}.Release|Any CPU.ActiveCfg = Release|Any CPU
		{61866922-AF2B-4C34-AD66-ED8EA7D708A2}.Release|Any CPU.Build.0 = Release|Any CPU
	EndGlobalSection
	GlobalSection(SolutionProperties) = preSolution
		HideSolutionNode = FALSE
	EndGlobalSection
	GlobalSection(ExtensibilityGlobals) = postSolution
		SolutionGuid = {B0FBB748-BF89-46A7-A74E-E3B4E9009862}
	EndGlobalSection
EndGlobal
